
Microsoft Visual Studio Solution File, Format Version 12.00
# Visual Studio Version 17
VisualStudioVersion = 17.4.33205.214
MinimumVisualStudioVersion = 10.0.40219.1
Project("{9A19103F-16F7-4668-BE54-9A1E7A4F7556}") = "Tinyman.UnitTest", "Tinyman.UnitTest\Tinyman.UnitTest.csproj", "{35665AF4-5E9F-4C22-9614-275419960855}"
EndProject
Project("{9A19103F-16F7-4668-BE54-9A1E7A4F7556}") = "Tinyman", "..\src\Tinyman\Tinyman.csproj", "{58360500-989D-4228-AB0C-022B2BC02582}"
EndProject
Project("{FAE04EC0-301F-11D3-BF4B-00C04F79EFBC}") = "Tinyman.IntegrationTestConsole", "Tinyman.IntegrationTestConsole\Tinyman.IntegrationTestConsole.csproj", "{AAC91899-444A-4FC7-BB51-A53C0E22EB79}"
EndProject
Global
	GlobalSection(SolutionConfigurationPlatforms) = preSolution
		Debug|Any CPU = Debug|Any CPU
		Release|Any CPU = Release|Any CPU
	EndGlobalSection
	GlobalSection(ProjectConfigurationPlatforms) = postSolution
		{35665AF4-5E9F-4C22-9614-275419960855}.Debug|Any CPU.ActiveCfg = Debug|Any CPU
		{35665AF4-5E9F-4C22-9614-275419960855}.Debug|Any CPU.Build.0 = Debug|Any CPU
		{35665AF4-5E9F-4C22-9614-275419960855}.Release|Any CPU.ActiveCfg = Release|Any CPU
		{35665AF4-5E9F-4C22-9614-275419960855}.Release|Any CPU.Build.0 = Release|Any CPU
		{58360500-989D-4228-AB0C-022B2BC02582}.Debug|Any CPU.ActiveCfg = Debug|Any CPU
		{58360500-989D-4228-AB0C-022B2BC02582}.Debug|Any CPU.Build.0 = Debug|Any CPU
		{58360500-989D-4228-AB0C-022B2BC02582}.Release|Any CPU.ActiveCfg = Release|Any CPU
		{58360500-989D-4228-AB0C-022B2BC02582}.Release|Any CPU.Build.0 = Release|Any CPU
		{AAC91899-444A-4FC7-BB51-A53C0E22EB79}.Debug|Any CPU.ActiveCfg = Debug|Any CPU
		{AAC91899-444A-4FC7-BB51-A53C0E22EB79}.Debug|Any CPU.Build.0 = Debug|Any CPU
		{AAC91899-444A-4FC7-BB51-A53C0E22EB79}.Release|Any CPU.ActiveCfg = Release|Any CPU
		{AAC91899-444A-4FC7-BB51-A53C0E22EB79}.Release|Any CPU.Build.0 = Release|Any CPU
	EndGlobalSection
	GlobalSection(SolutionProperties) = preSolution
		HideSolutionNode = FALSE
	EndGlobalSection
	GlobalSection(ExtensibilityGlobals) = postSolution
		SolutionGuid = {E1850415-4403-40FD-AE59-1BC081932997}
	EndGlobalSection
EndGlobal
