
Microsoft Visual Studio Solution File, Format Version 12.00
# Visual Studio Version 16
VisualStudioVersion = 16.0.29709.97
MinimumVisualStudioVersion = 10.0.40219.1
Project("{9A19103F-16F7-4668-BE54-9A1E7A4F7556}") = "Tinyman.SwapExample", "Tinyman.SwapExample\Tinyman.SwapExample.csproj", "{56512572-4AC9-42F2-A7F3-0BB731E1355D}"
EndProject
Project("{9A19103F-16F7-4668-BE54-9A1E7A4F7556}") = "Tinyman", "..\src\Tinyman\Tinyman.csproj", "{81C8EE93-975A-4A18-BF33-6366B2BDD596}"
EndProject
Project("{9A19103F-16F7-4668-BE54-9A1E7A4F7556}") = "Tinyman.VerboseSwapExample", "Tinyman.VerboseSwapExample\Tinyman.VerboseSwapExample.csproj", "{006C80E4-D1B1-4D45-ACF4-E175B3EE2C5E}"
EndProject
Project("{FAE04EC0-301F-11D3-BF4B-00C04F79EFBC}") = "Tinyman.MintExample", "Tinyman.MintExample\Tinyman.MintExample.csproj", "{0470A400-E555-442E-A675-205BF863E6B8}"
EndProject
Project("{FAE04EC0-301F-11D3-BF4B-00C04F79EFBC}") = "Tinyman.VerboseMintExample", "Tinyman.VerboseMintExample\Tinyman.VerboseMintExample.csproj", "{2ABBF249-8824-46D7-8BE1-B1751691D5EC}"
EndProject
Project("{FAE04EC0-301F-11D3-BF4B-00C04F79EFBC}") = "Tinyman.BurnExample", "Tinyman.BurnExample\Tinyman.BurnExample.csproj", "{171452C5-3686-4550-BF19-F6E9DF2DE25D}"
EndProject
Project("{FAE04EC0-301F-11D3-BF4B-00C04F79EFBC}") = "Tinyman.VerboseBurnExample", "Tinyman.VerboseBurnExample\Tinyman.VerboseBurnExample.csproj", "{FD0CDFE1-3A97-4B83-B567-DF07668E128E}"
EndProject
Project("{FAE04EC0-301F-11D3-BF4B-00C04F79EFBC}") = "Tinyman.RedeemExample", "Tinyman.RedeemExample\Tinyman.RedeemExample.csproj", "{61C5946C-BC2F-4B80-BAB5-3267E81081A0}"
EndProject
Project("{FAE04EC0-301F-11D3-BF4B-00C04F79EFBC}") = "Tinyman.VerboseRedeemExample", "Tinyman.VerboseRedeemExample\Tinyman.VerboseRedeemExample.csproj", "{03E67F3C-F86D-4F51-AEF2-6014C7C39A09}"
EndProject
Global
	GlobalSection(SolutionConfigurationPlatforms) = preSolution
		Debug|Any CPU = Debug|Any CPU
		Release|Any CPU = Release|Any CPU
	EndGlobalSection
	GlobalSection(ProjectConfigurationPlatforms) = postSolution
		{56512572-4AC9-42F2-A7F3-0BB731E1355D}.Debug|Any CPU.ActiveCfg = Debug|Any CPU
		{56512572-4AC9-42F2-A7F3-0BB731E1355D}.Debug|Any CPU.Build.0 = Debug|Any CPU
		{56512572-4AC9-42F2-A7F3-0BB731E1355D}.Release|Any CPU.ActiveCfg = Release|Any CPU
		{56512572-4AC9-42F2-A7F3-0BB731E1355D}.Release|Any CPU.Build.0 = Release|Any CPU
		{81C8EE93-975A-4A18-BF33-6366B2BDD596}.Debug|Any CPU.ActiveCfg = Debug|Any CPU
		{81C8EE93-975A-4A18-BF33-6366B2BDD596}.Debug|Any CPU.Build.0 = Debug|Any CPU
		{81C8EE93-975A-4A18-BF33-6366B2BDD596}.Release|Any CPU.ActiveCfg = Release|Any CPU
		{81C8EE93-975A-4A18-BF33-6366B2BDD596}.Release|Any CPU.Build.0 = Release|Any CPU
		{006C80E4-D1B1-4D45-ACF4-E175B3EE2C5E}.Debug|Any CPU.ActiveCfg = Debug|Any CPU
		{006C80E4-D1B1-4D45-ACF4-E175B3EE2C5E}.Debug|Any CPU.Build.0 = Debug|Any CPU
		{006C80E4-D1B1-4D45-ACF4-E175B3EE2C5E}.Release|Any CPU.ActiveCfg = Release|Any CPU
		{006C80E4-D1B1-4D45-ACF4-E175B3EE2C5E}.Release|Any CPU.Build.0 = Release|Any CPU
		{0470A400-E555-442E-A675-205BF863E6B8}.Debug|Any CPU.ActiveCfg = Debug|Any CPU
		{0470A400-E555-442E-A675-205BF863E6B8}.Debug|Any CPU.Build.0 = Debug|Any CPU
		{0470A400-E555-442E-A675-205BF863E6B8}.Release|Any CPU.ActiveCfg = Release|Any CPU
		{0470A400-E555-442E-A675-205BF863E6B8}.Release|Any CPU.Build.0 = Release|Any CPU
		{2ABBF249-8824-46D7-8BE1-B1751691D5EC}.Debug|Any CPU.ActiveCfg = Debug|Any CPU
		{2ABBF249-8824-46D7-8BE1-B1751691D5EC}.Debug|Any CPU.Build.0 = Debug|Any CPU
		{2ABBF249-8824-46D7-8BE1-B1751691D5EC}.Release|Any CPU.ActiveCfg = Release|Any CPU
		{2ABBF249-8824-46D7-8BE1-B1751691D5EC}.Release|Any CPU.Build.0 = Release|Any CPU
		{171452C5-3686-4550-BF19-F6E9DF2DE25D}.Debug|Any CPU.ActiveCfg = Debug|Any CPU
		{171452C5-3686-4550-BF19-F6E9DF2DE25D}.Debug|Any CPU.Build.0 = Debug|Any CPU
		{171452C5-3686-4550-BF19-F6E9DF2DE25D}.Release|Any CPU.ActiveCfg = Release|Any CPU
		{171452C5-3686-4550-BF19-F6E9DF2DE25D}.Release|Any CPU.Build.0 = Release|Any CPU
		{FD0CDFE1-3A97-4B83-B567-DF07668E128E}.Debug|Any CPU.ActiveCfg = Debug|Any CPU
		{FD0CDFE1-3A97-4B83-B567-DF07668E128E}.Debug|Any CPU.Build.0 = Debug|Any CPU
		{FD0CDFE1-3A97-4B83-B567-DF07668E128E}.Release|Any CPU.ActiveCfg = Release|Any CPU
		{FD0CDFE1-3A97-4B83-B567-DF07668E128E}.Release|Any CPU.Build.0 = Release|Any CPU
		{61C5946C-BC2F-4B80-BAB5-3267E81081A0}.Debug|Any CPU.ActiveCfg = Debug|Any CPU
		{61C5946C-BC2F-4B80-BAB5-3267E81081A0}.Debug|Any CPU.Build.0 = Debug|Any CPU
		{61C5946C-BC2F-4B80-BAB5-3267E81081A0}.Release|Any CPU.ActiveCfg = Release|Any CPU
		{61C5946C-BC2F-4B80-BAB5-3267E81081A0}.Release|Any CPU.Build.0 = Release|Any CPU
		{03E67F3C-F86D-4F51-AEF2-6014C7C39A09}.Debug|Any CPU.ActiveCfg = Debug|Any CPU
		{03E67F3C-F86D-4F51-AEF2-6014C7C39A09}.Debug|Any CPU.Build.0 = Debug|Any CPU
		{03E67F3C-F86D-4F51-AEF2-6014C7C39A09}.Release|Any CPU.ActiveCfg = Release|Any CPU
		{03E67F3C-F86D-4F51-AEF2-6014C7C39A09}.Release|Any CPU.Build.0 = Release|Any CPU
	EndGlobalSection
	GlobalSection(SolutionProperties) = preSolution
		HideSolutionNode = FALSE
	EndGlobalSection
	GlobalSection(ExtensibilityGlobals) = postSolution
		SolutionGuid = {05DF882F-7021-4AFE-9712-90AE8ED33990}
	EndGlobalSection
EndGlobal
