
Microsoft Visual Studio Solution File, Format Version 12.00
# Visual Studio Version 16
VisualStudioVersion = 16.0.29709.97
MinimumVisualStudioVersion = 10.0.40219.1
Project("{9A19103F-16F7-4668-BE54-9A1E7A4F7556}") = "Tinyman", "Tinyman\Tinyman.csproj", "{8C08D043-0DB9-4BA2-AE3B-6D458242D398}"
EndProject
Global
	GlobalSection(SolutionConfigurationPlatforms) = preSolution
		Debug|Any CPU = Debug|Any CPU
		Release|Any CPU = Release|Any CPU
	EndGlobalSection
	GlobalSection(ProjectConfigurationPlatforms) = postSolution
		{8C08D043-0DB9-4BA2-AE3B-6D458242D398}.Debug|Any CPU.ActiveCfg = Debug|Any CPU
		{8C08D043-0DB9-4BA2-AE3B-6D458242D398}.Debug|Any CPU.Build.0 = Debug|Any CPU
		{8C08D043-0DB9-4BA2-AE3B-6D458242D398}.Release|Any CPU.ActiveCfg = Release|Any CPU
		{8C08D043-0DB9-4BA2-AE3B-6D458242D398}.Release|Any CPU.Build.0 = Release|Any CPU
	EndGlobalSection
	GlobalSection(SolutionProperties) = preSolution
		HideSolutionNode = FALSE
	EndGlobalSection
	GlobalSection(ExtensibilityGlobals) = postSolution
		SolutionGuid = {8556CF5C-F573-4F58-BE3D-BEE9ABC43B34}
	EndGlobalSection
EndGlobal
